// !$*UTF8*$!
{
	archiveVersion = 1;
	classes = {
	};
	objectVersion = 55;
	objects = {

/* Begin PBXBuildFile section */
		16C77AEFF6F59CAF69C5D59D /* Pods_FlixTests.framework in Frameworks */ = {isa = PBXBuildFile; fileRef = 0928D36E4FECC73913D982E9 /* Pods_FlixTests.framework */; };
		552B95C2075674800E5EC213 /* Pods_Flix.framework in Frameworks */ = {isa = PBXBuildFile; fileRef = 35588045B70EE5B4A5F75FF6 /* Pods_Flix.framework */; };
		7CA4693447C66EA7C0A9B432 /* Pods_Flix_FlixUITests.framework in Frameworks */ = {isa = PBXBuildFile; fileRef = 9676EE2B5DCCA1A3C1F04287 /* Pods_Flix_FlixUITests.framework */; };
		940A46D627D07C6900A8DD46 /* MovieDetailsViewController.swift in Sources */ = {isa = PBXBuildFile; fileRef = 940A46D527D07C6900A8DD46 /* MovieDetailsViewController.swift */; };
		940A46DD27D083FF00A8DD46 /* MovieGridViewController.swift in Sources */ = {isa = PBXBuildFile; fileRef = 940A46DC27D083FF00A8DD46 /* MovieGridViewController.swift */; };
		940A46DF27D0876100A8DD46 /* MovieGridCell.swift in Sources */ = {isa = PBXBuildFile; fileRef = 940A46DE27D0876100A8DD46 /* MovieGridCell.swift */; };
		9441B4D827C1CCD50068C5F1 /* AppDelegate.swift in Sources */ = {isa = PBXBuildFile; fileRef = 9441B4D727C1CCD50068C5F1 /* AppDelegate.swift */; };
		9441B4DA27C1CCD50068C5F1 /* SceneDelegate.swift in Sources */ = {isa = PBXBuildFile; fileRef = 9441B4D927C1CCD50068C5F1 /* SceneDelegate.swift */; };
		9441B4DC27C1CCD50068C5F1 /* MovieViewController.swift in Sources */ = {isa = PBXBuildFile; fileRef = 9441B4DB27C1CCD50068C5F1 /* MovieViewController.swift */; };
		9441B4DF27C1CCD50068C5F1 /* Main.storyboard in Resources */ = {isa = PBXBuildFile; fileRef = 9441B4DD27C1CCD50068C5F1 /* Main.storyboard */; };
		9441B4E127C1CCD60068C5F1 /* Assets.xcassets in Resources */ = {isa = PBXBuildFile; fileRef = 9441B4E027C1CCD60068C5F1 /* Assets.xcassets */; };
		9441B4E427C1CCD60068C5F1 /* LaunchScreen.storyboard in Resources */ = {isa = PBXBuildFile; fileRef = 9441B4E227C1CCD60068C5F1 /* LaunchScreen.storyboard */; };
		9441B4EF27C1CCD70068C5F1 /* FlixTests.swift in Sources */ = {isa = PBXBuildFile; fileRef = 9441B4EE27C1CCD70068C5F1 /* FlixTests.swift */; };
		9441B4F927C1CCD70068C5F1 /* FlixUITests.swift in Sources */ = {isa = PBXBuildFile; fileRef = 9441B4F827C1CCD70068C5F1 /* FlixUITests.swift */; };
		9441B4FB27C1CCD70068C5F1 /* FlixUITestsLaunchTests.swift in Sources */ = {isa = PBXBuildFile; fileRef = 9441B4FA27C1CCD70068C5F1 /* FlixUITestsLaunchTests.swift */; };
		94AFE5F827C2EFBB0086F326 /* MovieCell.swift in Sources */ = {isa = PBXBuildFile; fileRef = 94AFE5F727C2EFBB0086F326 /* MovieCell.swift */; };
		94AFE5FB27C2F5CE0086F326 /* AlamofireImage in Frameworks */ = {isa = PBXBuildFile; productRef = 94AFE5FA27C2F5CE0086F326 /* AlamofireImage */; };
/* End PBXBuildFile section */

/* Begin PBXContainerItemProxy section */
		9441B4EB27C1CCD70068C5F1 /* PBXContainerItemProxy */ = {
			isa = PBXContainerItemProxy;
			containerPortal = 9441B4CC27C1CCD50068C5F1 /* Project object */;
			proxyType = 1;
			remoteGlobalIDString = 9441B4D327C1CCD50068C5F1;
			remoteInfo = Flix;
		};
		9441B4F527C1CCD70068C5F1 /* PBXContainerItemProxy */ = {
			isa = PBXContainerItemProxy;
			containerPortal = 9441B4CC27C1CCD50068C5F1 /* Project object */;
			proxyType = 1;
			remoteGlobalIDString = 9441B4D327C1CCD50068C5F1;
			remoteInfo = Flix;
		};
/* End PBXContainerItemProxy section */

/* Begin PBXFileReference section */
		0295415432EEBF185CF73125 /* Pods-Flix.release.xcconfig */ = {isa = PBXFileReference; includeInIndex = 1; lastKnownFileType = text.xcconfig; name = "Pods-Flix.release.xcconfig"; path = "Target Support Files/Pods-Flix/Pods-Flix.release.xcconfig"; sourceTree = "<group>"; };
		0928D36E4FECC73913D982E9 /* Pods_FlixTests.framework */ = {isa = PBXFileReference; explicitFileType = wrapper.framework; includeInIndex = 0; path = Pods_FlixTests.framework; sourceTree = BUILT_PRODUCTS_DIR; };
		35588045B70EE5B4A5F75FF6 /* Pods_Flix.framework */ = {isa = PBXFileReference; explicitFileType = wrapper.framework; includeInIndex = 0; path = Pods_Flix.framework; sourceTree = BUILT_PRODUCTS_DIR; };
		3A3F1B515C25FE788C29F258 /* Pods-Flix.debug.xcconfig */ = {isa = PBXFileReference; includeInIndex = 1; lastKnownFileType = text.xcconfig; name = "Pods-Flix.debug.xcconfig"; path = "Target Support Files/Pods-Flix/Pods-Flix.debug.xcconfig"; sourceTree = "<group>"; };
		74122709B5A3D8BB2F896D75 /* Pods-FlixTests.release.xcconfig */ = {isa = PBXFileReference; includeInIndex = 1; lastKnownFileType = text.xcconfig; name = "Pods-FlixTests.release.xcconfig"; path = "Target Support Files/Pods-FlixTests/Pods-FlixTests.release.xcconfig"; sourceTree = "<group>"; };
		940A46D527D07C6900A8DD46 /* MovieDetailsViewController.swift */ = {isa = PBXFileReference; lastKnownFileType = sourcecode.swift; path = MovieDetailsViewController.swift; sourceTree = "<group>"; };
		940A46DC27D083FF00A8DD46 /* MovieGridViewController.swift */ = {isa = PBXFileReference; lastKnownFileType = sourcecode.swift; path = MovieGridViewController.swift; sourceTree = "<group>"; };
		940A46DE27D0876100A8DD46 /* MovieGridCell.swift */ = {isa = PBXFileReference; lastKnownFileType = sourcecode.swift; path = MovieGridCell.swift; sourceTree = "<group>"; };
		9441B4D427C1CCD50068C5F1 /* Flix.app */ = {isa = PBXFileReference; explicitFileType = wrapper.application; includeInIndex = 0; path = Flix.app; sourceTree = BUILT_PRODUCTS_DIR; };
		9441B4D727C1CCD50068C5F1 /* AppDelegate.swift */ = {isa = PBXFileReference; lastKnownFileType = sourcecode.swift; path = AppDelegate.swift; sourceTree = "<group>"; };
		9441B4D927C1CCD50068C5F1 /* SceneDelegate.swift */ = {isa = PBXFileReference; lastKnownFileType = sourcecode.swift; path = SceneDelegate.swift; sourceTree = "<group>"; };
		9441B4DB27C1CCD50068C5F1 /* MovieViewController.swift */ = {isa = PBXFileReference; lastKnownFileType = sourcecode.swift; path = MovieViewController.swift; sourceTree = "<group>"; };
		9441B4DE27C1CCD50068C5F1 /* Base */ = {isa = PBXFileReference; lastKnownFileType = file.storyboard; name = Base; path = Base.lproj/Main.storyboard; sourceTree = "<group>"; };
		9441B4E027C1CCD60068C5F1 /* Assets.xcassets */ = {isa = PBXFileReference; lastKnownFileType = folder.assetcatalog; path = Assets.xcassets; sourceTree = "<group>"; };
		9441B4E327C1CCD60068C5F1 /* Base */ = {isa = PBXFileReference; lastKnownFileType = file.storyboard; name = Base; path = Base.lproj/LaunchScreen.storyboard; sourceTree = "<group>"; };
		9441B4E527C1CCD60068C5F1 /* Info.plist */ = {isa = PBXFileReference; lastKnownFileType = text.plist.xml; path = Info.plist; sourceTree = "<group>"; };
		9441B4EA27C1CCD70068C5F1 /* FlixTests.xctest */ = {isa = PBXFileReference; explicitFileType = wrapper.cfbundle; includeInIndex = 0; path = FlixTests.xctest; sourceTree = BUILT_PRODUCTS_DIR; };
		9441B4EE27C1CCD70068C5F1 /* FlixTests.swift */ = {isa = PBXFileReference; lastKnownFileType = sourcecode.swift; path = FlixTests.swift; sourceTree = "<group>"; };
		9441B4F427C1CCD70068C5F1 /* FlixUITests.xctest */ = {isa = PBXFileReference; explicitFileType = wrapper.cfbundle; includeInIndex = 0; path = FlixUITests.xctest; sourceTree = BUILT_PRODUCTS_DIR; };
		9441B4F827C1CCD70068C5F1 /* FlixUITests.swift */ = {isa = PBXFileReference; lastKnownFileType = sourcecode.swift; path = FlixUITests.swift; sourceTree = "<group>"; };
		9441B4FA27C1CCD70068C5F1 /* FlixUITestsLaunchTests.swift */ = {isa = PBXFileReference; lastKnownFileType = sourcecode.swift; path = FlixUITestsLaunchTests.swift; sourceTree = "<group>"; };
		94AFE5F727C2EFBB0086F326 /* MovieCell.swift */ = {isa = PBXFileReference; lastKnownFileType = sourcecode.swift; path = MovieCell.swift; sourceTree = "<group>"; };
		9676EE2B5DCCA1A3C1F04287 /* Pods_Flix_FlixUITests.framework */ = {isa = PBXFileReference; explicitFileType = wrapper.framework; includeInIndex = 0; path = Pods_Flix_FlixUITests.framework; sourceTree = BUILT_PRODUCTS_DIR; };
		9B1CA26188D7C65BEA263020 /* Pods-Flix-FlixUITests.release.xcconfig */ = {isa = PBXFileReference; includeInIndex = 1; lastKnownFileType = text.xcconfig; name = "Pods-Flix-FlixUITests.release.xcconfig"; path = "Target Support Files/Pods-Flix-FlixUITests/Pods-Flix-FlixUITests.release.xcconfig"; sourceTree = "<group>"; };
		ADB53E897707607D0DC6B1FE /* Pods-Flix-FlixUITests.debug.xcconfig */ = {isa = PBXFileReference; includeInIndex = 1; lastKnownFileType = text.xcconfig; name = "Pods-Flix-FlixUITests.debug.xcconfig"; path = "Target Support Files/Pods-Flix-FlixUITests/Pods-Flix-FlixUITests.debug.xcconfig"; sourceTree = "<group>"; };
		B23C65612026CA89A2E9FFCB /* Pods-FlixTests.debug.xcconfig */ = {isa = PBXFileReference; includeInIndex = 1; lastKnownFileType = text.xcconfig; name = "Pods-FlixTests.debug.xcconfig"; path = "Target Support Files/Pods-FlixTests/Pods-FlixTests.debug.xcconfig"; sourceTree = "<group>"; };
/* End PBXFileReference section */

/* Begin PBXFrameworksBuildPhase section */
		9441B4D127C1CCD50068C5F1 /* Frameworks */ = {
			isa = PBXFrameworksBuildPhase;
			buildActionMask = 2147483647;
			files = (
				94AFE5FB27C2F5CE0086F326 /* AlamofireImage in Frameworks */,
				552B95C2075674800E5EC213 /* Pods_Flix.framework in Frameworks */,
			);
			runOnlyForDeploymentPostprocessing = 0;
		};
		9441B4E727C1CCD70068C5F1 /* Frameworks */ = {
			isa = PBXFrameworksBuildPhase;
			buildActionMask = 2147483647;
			files = (
				16C77AEFF6F59CAF69C5D59D /* Pods_FlixTests.framework in Frameworks */,
			);
			runOnlyForDeploymentPostprocessing = 0;
		};
		9441B4F127C1CCD70068C5F1 /* Frameworks */ = {
			isa = PBXFrameworksBuildPhase;
			buildActionMask = 2147483647;
			files = (
				7CA4693447C66EA7C0A9B432 /* Pods_Flix_FlixUITests.framework in Frameworks */,
			);
			runOnlyForDeploymentPostprocessing = 0;
		};
/* End PBXFrameworksBuildPhase section */

/* Begin PBXGroup section */
		185B819DA6907BC56FC63053 /* Frameworks */ = {
			isa = PBXGroup;
			children = (
				35588045B70EE5B4A5F75FF6 /* Pods_Flix.framework */,
				9676EE2B5DCCA1A3C1F04287 /* Pods_Flix_FlixUITests.framework */,
				0928D36E4FECC73913D982E9 /* Pods_FlixTests.framework */,
			);
			name = Frameworks;
			sourceTree = "<group>";
		};
		9441B4CB27C1CCD50068C5F1 = {
			isa = PBXGroup;
			children = (
				9441B4D627C1CCD50068C5F1 /* Flix */,
				9441B4ED27C1CCD70068C5F1 /* FlixTests */,
				9441B4F727C1CCD70068C5F1 /* FlixUITests */,
				9441B4D527C1CCD50068C5F1 /* Products */,
				DED7BB1E2AE1B8C3DF639E06 /* Pods */,
				185B819DA6907BC56FC63053 /* Frameworks */,
			);
			sourceTree = "<group>";
		};
		9441B4D527C1CCD50068C5F1 /* Products */ = {
			isa = PBXGroup;
			children = (
				9441B4D427C1CCD50068C5F1 /* Flix.app */,
				9441B4EA27C1CCD70068C5F1 /* FlixTests.xctest */,
				9441B4F427C1CCD70068C5F1 /* FlixUITests.xctest */,
			);
			name = Products;
			sourceTree = "<group>";
		};
		9441B4D627C1CCD50068C5F1 /* Flix */ = {
			isa = PBXGroup;
			children = (
				9441B4D727C1CCD50068C5F1 /* AppDelegate.swift */,
				9441B4D927C1CCD50068C5F1 /* SceneDelegate.swift */,
				9441B4DB27C1CCD50068C5F1 /* MovieViewController.swift */,
				940A46D527D07C6900A8DD46 /* MovieDetailsViewController.swift */,
				9441B4DD27C1CCD50068C5F1 /* Main.storyboard */,
				940A46DC27D083FF00A8DD46 /* MovieGridViewController.swift */,
				940A46DE27D0876100A8DD46 /* MovieGridCell.swift */,
				94AFE5F727C2EFBB0086F326 /* MovieCell.swift */,
				9441B4E027C1CCD60068C5F1 /* Assets.xcassets */,
				9441B4E227C1CCD60068C5F1 /* LaunchScreen.storyboard */,
				9441B4E527C1CCD60068C5F1 /* Info.plist */,
			);
			path = Flix;
			sourceTree = "<group>";
		};
		9441B4ED27C1CCD70068C5F1 /* FlixTests */ = {
			isa = PBXGroup;
			children = (
				9441B4EE27C1CCD70068C5F1 /* FlixTests.swift */,
			);
			path = FlixTests;
			sourceTree = "<group>";
		};
		9441B4F727C1CCD70068C5F1 /* FlixUITests */ = {
			isa = PBXGroup;
			children = (
				9441B4F827C1CCD70068C5F1 /* FlixUITests.swift */,
				9441B4FA27C1CCD70068C5F1 /* FlixUITestsLaunchTests.swift */,
			);
			path = FlixUITests;
			sourceTree = "<group>";
		};
		DED7BB1E2AE1B8C3DF639E06 /* Pods */ = {
			isa = PBXGroup;
			children = (
				3A3F1B515C25FE788C29F258 /* Pods-Flix.debug.xcconfig */,
				0295415432EEBF185CF73125 /* Pods-Flix.release.xcconfig */,
				ADB53E897707607D0DC6B1FE /* Pods-Flix-FlixUITests.debug.xcconfig */,
				9B1CA26188D7C65BEA263020 /* Pods-Flix-FlixUITests.release.xcconfig */,
				B23C65612026CA89A2E9FFCB /* Pods-FlixTests.debug.xcconfig */,
				74122709B5A3D8BB2F896D75 /* Pods-FlixTests.release.xcconfig */,
			);
			path = Pods;
			sourceTree = "<group>";
		};
/* End PBXGroup section */

/* Begin PBXNativeTarget section */
		9441B4D327C1CCD50068C5F1 /* Flix */ = {
			isa = PBXNativeTarget;
			buildConfigurationList = 9441B4FE27C1CCD70068C5F1 /* Build configuration list for PBXNativeTarget "Flix" */;
			buildPhases = (
				B0DEB490A0208CA85AB32583 /* [CP] Check Pods Manifest.lock */,
				9441B4D027C1CCD50068C5F1 /* Sources */,
				9441B4D127C1CCD50068C5F1 /* Frameworks */,
				9441B4D227C1CCD50068C5F1 /* Resources */,
				F429EDB9956BFA53324570DD /* [CP] Embed Pods Frameworks */,
			);
			buildRules = (
			);
			dependencies = (
			);
			name = Flix;
			packageProductDependencies = (
				94AFE5FA27C2F5CE0086F326 /* AlamofireImage */,
			);
			productName = Flix;
			productReference = 9441B4D427C1CCD50068C5F1 /* Flix.app */;
			productType = "com.apple.product-type.application";
		};
		9441B4E927C1CCD70068C5F1 /* FlixTests */ = {
			isa = PBXNativeTarget;
			buildConfigurationList = 9441B50127C1CCD70068C5F1 /* Build configuration list for PBXNativeTarget "FlixTests" */;
			buildPhases = (
				D76CC399757BA9BF1F75DA1F /* [CP] Check Pods Manifest.lock */,
				9441B4E627C1CCD70068C5F1 /* Sources */,
				9441B4E727C1CCD70068C5F1 /* Frameworks */,
				9441B4E827C1CCD70068C5F1 /* Resources */,
			);
			buildRules = (
			);
			dependencies = (
				9441B4EC27C1CCD70068C5F1 /* PBXTargetDependency */,
			);
			name = FlixTests;
			productName = FlixTests;
			productReference = 9441B4EA27C1CCD70068C5F1 /* FlixTests.xctest */;
			productType = "com.apple.product-type.bundle.unit-test";
		};
		9441B4F327C1CCD70068C5F1 /* FlixUITests */ = {
			isa = PBXNativeTarget;
			buildConfigurationList = 9441B50427C1CCD70068C5F1 /* Build configuration list for PBXNativeTarget "FlixUITests" */;
			buildPhases = (
				6150CDF7EA3F1FCFF646D87B /* [CP] Check Pods Manifest.lock */,
				9441B4F027C1CCD70068C5F1 /* Sources */,
				9441B4F127C1CCD70068C5F1 /* Frameworks */,
				9441B4F227C1CCD70068C5F1 /* Resources */,
				096CC073912D6E1A91F4015A /* [CP] Embed Pods Frameworks */,
			);
			buildRules = (
			);
			dependencies = (
				9441B4F627C1CCD70068C5F1 /* PBXTargetDependency */,
			);
			name = FlixUITests;
			productName = FlixUITests;
			productReference = 9441B4F427C1CCD70068C5F1 /* FlixUITests.xctest */;
			productType = "com.apple.product-type.bundle.ui-testing";
		};
/* End PBXNativeTarget section */

/* Begin PBXProject section */
		9441B4CC27C1CCD50068C5F1 /* Project object */ = {
			isa = PBXProject;
			attributes = {
				BuildIndependentTargetsInParallel = 1;
				LastSwiftUpdateCheck = 1320;
				LastUpgradeCheck = 1320;
				TargetAttributes = {
					9441B4D327C1CCD50068C5F1 = {
						CreatedOnToolsVersion = 13.2.1;
					};
					9441B4E927C1CCD70068C5F1 = {
						CreatedOnToolsVersion = 13.2.1;
						TestTargetID = 9441B4D327C1CCD50068C5F1;
					};
					9441B4F327C1CCD70068C5F1 = {
						CreatedOnToolsVersion = 13.2.1;
						TestTargetID = 9441B4D327C1CCD50068C5F1;
					};
				};
			};
			buildConfigurationList = 9441B4CF27C1CCD50068C5F1 /* Build configuration list for PBXProject "Flix" */;
			compatibilityVersion = "Xcode 13.0";
			developmentRegion = en;
			hasScannedForEncodings = 0;
			knownRegions = (
				en,
				Base,
			);
			mainGroup = 9441B4CB27C1CCD50068C5F1;
			packageReferences = (
				94AFE5F927C2F5CE0086F326 /* XCRemoteSwiftPackageReference "AlamofireImage" */,
			);
			productRefGroup = 9441B4D527C1CCD50068C5F1 /* Products */;
			projectDirPath = "";
			projectRoot = "";
			targets = (
				9441B4D327C1CCD50068C5F1 /* Flix */,
				9441B4E927C1CCD70068C5F1 /* FlixTests */,
				9441B4F327C1CCD70068C5F1 /* FlixUITests */,
			);
		};
/* End PBXProject section */

/* Begin PBXResourcesBuildPhase section */
		9441B4D227C1CCD50068C5F1 /* Resources */ = {
			isa = PBXResourcesBuildPhase;
			buildActionMask = 2147483647;
			files = (
				9441B4E427C1CCD60068C5F1 /* LaunchScreen.storyboard in Resources */,
				9441B4E127C1CCD60068C5F1 /* Assets.xcassets in Resources */,
				9441B4DF27C1CCD50068C5F1 /* Main.storyboard in Resources */,
			);
			runOnlyForDeploymentPostprocessing = 0;
		};
		9441B4E827C1CCD70068C5F1 /* Resources */ = {
			isa = PBXResourcesBuildPhase;
			buildActionMask = 2147483647;
			files = (
			);
			runOnlyForDeploymentPostprocessing = 0;
		};
		9441B4F227C1CCD70068C5F1 /* Resources */ = {
			isa = PBXResourcesBuildPhase;
			buildActionMask = 2147483647;
			files = (
			);
			runOnlyForDeploymentPostprocessing = 0;
		};
/* End PBXResourcesBuildPhase section */

/* Begin PBXShellScriptBuildPhase section */
		096CC073912D6E1A91F4015A /* [CP] Embed Pods Frameworks */ = {
			isa = PBXShellScriptBuildPhase;
			buildActionMask = 2147483647;
			files = (
			);
			inputFileListPaths = (
				"${PODS_ROOT}/Target Support Files/Pods-Flix-FlixUITests/Pods-Flix-FlixUITests-frameworks-${CONFIGURATION}-input-files.xcfilelist",
			);
			name = "[CP] Embed Pods Frameworks";
			outputFileListPaths = (
				"${PODS_ROOT}/Target Support Files/Pods-Flix-FlixUITests/Pods-Flix-FlixUITests-frameworks-${CONFIGURATION}-output-files.xcfilelist",
			);
			runOnlyForDeploymentPostprocessing = 0;
			shellPath = /bin/sh;
			shellScript = "\"${PODS_ROOT}/Target Support Files/Pods-Flix-FlixUITests/Pods-Flix-FlixUITests-frameworks.sh\"\n";
			showEnvVarsInLog = 0;
		};
		6150CDF7EA3F1FCFF646D87B /* [CP] Check Pods Manifest.lock */ = {
			isa = PBXShellScriptBuildPhase;
			buildActionMask = 2147483647;
			files = (
			);
			inputFileListPaths = (
			);
			inputPaths = (
				"${PODS_PODFILE_DIR_PATH}/Podfile.lock",
				"${PODS_ROOT}/Manifest.lock",
			);
			name = "[CP] Check Pods Manifest.lock";
			outputFileListPaths = (
			);
			outputPaths = (
				"$(DERIVED_FILE_DIR)/Pods-Flix-FlixUITests-checkManifestLockResult.txt",
			);
			runOnlyForDeploymentPostprocessing = 0;
			shellPath = /bin/sh;
			shellScript = "diff \"${PODS_PODFILE_DIR_PATH}/Podfile.lock\" \"${PODS_ROOT}/Manifest.lock\" > /dev/null\nif [ $? != 0 ] ; then\n    # print error to STDERR\n    echo \"error: The sandbox is not in sync with the Podfile.lock. Run 'pod install' or update your CocoaPods installation.\" >&2\n    exit 1\nfi\n# This output is used by Xcode 'outputs' to avoid re-running this script phase.\necho \"SUCCESS\" > \"${SCRIPT_OUTPUT_FILE_0}\"\n";
			showEnvVarsInLog = 0;
		};
		B0DEB490A0208CA85AB32583 /* [CP] Check Pods Manifest.lock */ = {
			isa = PBXShellScriptBuildPhase;
			buildActionMask = 2147483647;
			files = (
			);
			inputFileListPaths = (
			);
			inputPaths = (
				"${PODS_PODFILE_DIR_PATH}/Podfile.lock",
				"${PODS_ROOT}/Manifest.lock",
			);
			name = "[CP] Check Pods Manifest.lock";
			outputFileListPaths = (
			);
			outputPaths = (
				"$(DERIVED_FILE_DIR)/Pods-Flix-checkManifestLockResult.txt",
			);
			runOnlyForDeploymentPostprocessing = 0;
			shellPath = /bin/sh;
			shellScript = "diff \"${PODS_PODFILE_DIR_PATH}/Podfile.lock\" \"${PODS_ROOT}/Manifest.lock\" > /dev/null\nif [ $? != 0 ] ; then\n    # print error to STDERR\n    echo \"error: The sandbox is not in sync with the Podfile.lock. Run 'pod install' or update your CocoaPods installation.\" >&2\n    exit 1\nfi\n# This output is used by Xcode 'outputs' to avoid re-running this script phase.\necho \"SUCCESS\" > \"${SCRIPT_OUTPUT_FILE_0}\"\n";
			showEnvVarsInLog = 0;
		};
		D76CC399757BA9BF1F75DA1F /* [CP] Check Pods Manifest.lock */ = {
			isa = PBXShellScriptBuildPhase;
			buildActionMask = 2147483647;
			files = (
			);
			inputFileListPaths = (
			);
			inputPaths = (
				"${PODS_PODFILE_DIR_PATH}/Podfile.lock",
				"${PODS_ROOT}/Manifest.lock",
			);
			name = "[CP] Check Pods Manifest.lock";
			outputFileListPaths = (
			);
			outputPaths = (
				"$(DERIVED_FILE_DIR)/Pods-FlixTests-checkManifestLockResult.txt",
			);
			runOnlyForDeploymentPostprocessing = 0;
			shellPath = /bin/sh;
			shellScript = "diff \"${PODS_PODFILE_DIR_PATH}/Podfile.lock\" \"${PODS_ROOT}/Manifest.lock\" > /dev/null\nif [ $? != 0 ] ; then\n    # print error to STDERR\n    echo \"error: The sandbox is not in sync with the Podfile.lock. Run 'pod install' or update your CocoaPods installation.\" >&2\n    exit 1\nfi\n# This output is used by Xcode 'outputs' to avoid re-running this script phase.\necho \"SUCCESS\" > \"${SCRIPT_OUTPUT_FILE_0}\"\n";
			showEnvVarsInLog = 0;
		};
		F429EDB9956BFA53324570DD /* [CP] Embed Pods Frameworks */ = {
			isa = PBXShellScriptBuildPhase;
			buildActionMask = 2147483647;
			files = (
			);
			inputFileListPaths = (
				"${PODS_ROOT}/Target Support Files/Pods-Flix/Pods-Flix-frameworks-${CONFIGURATION}-input-files.xcfilelist",
			);
			name = "[CP] Embed Pods Frameworks";
			outputFileListPaths = (
				"${PODS_ROOT}/Target Support Files/Pods-Flix/Pods-Flix-frameworks-${CONFIGURATION}-output-files.xcfilelist",
			);
			runOnlyForDeploymentPostprocessing = 0;
			shellPath = /bin/sh;
			shellScript = "\"${PODS_ROOT}/Target Support Files/Pods-Flix/Pods-Flix-frameworks.sh\"\n";
			showEnvVarsInLog = 0;
		};
/* End PBXShellScriptBuildPhase section */

/* Begin PBXSourcesBuildPhase section */
		9441B4D027C1CCD50068C5F1 /* Sources */ = {
			isa = PBXSourcesBuildPhase;
			buildActionMask = 2147483647;
			files = (
				940A46D627D07C6900A8DD46 /* MovieDetailsViewController.swift in Sources */,
				9441B4DC27C1CCD50068C5F1 /* MovieViewController.swift in Sources */,
				9441B4D827C1CCD50068C5F1 /* AppDelegate.swift in Sources */,
				94AFE5F827C2EFBB0086F326 /* MovieCell.swift in Sources */,
				9441B4DA27C1CCD50068C5F1 /* SceneDelegate.swift in Sources */,
				940A46DD27D083FF00A8DD46 /* MovieGridViewController.swift in Sources */,
				940A46DF27D0876100A8DD46 /* MovieGridCell.swift in Sources */,
			);
			runOnlyForDeploymentPostprocessing = 0;
		};
		9441B4E627C1CCD70068C5F1 /* Sources */ = {
			isa = PBXSourcesBuildPhase;
			buildActionMask = 2147483647;
			files = (
				9441B4EF27C1CCD70068C5F1 /* FlixTests.swift in Sources */,
			);
			runOnlyForDeploymentPostprocessing = 0;
		};
		9441B4F027C1CCD70068C5F1 /* Sources */ = {
			isa = PBXSourcesBuildPhase;
			buildActionMask = 2147483647;
			files = (
				9441B4F927C1CCD70068C5F1 /* FlixUITests.swift in Sources */,
				9441B4FB27C1CCD70068C5F1 /* FlixUITestsLaunchTests.swift in Sources */,
			);
			runOnlyForDeploymentPostprocessing = 0;
		};
/* End PBXSourcesBuildPhase section */

/* Begin PBXTargetDependency section */
		9441B4EC27C1CCD70068C5F1 /* PBXTargetDependency */ = {
			isa = PBXTargetDependency;
			target = 9441B4D327C1CCD50068C5F1 /* Flix */;
			targetProxy = 9441B4EB27C1CCD70068C5F1 /* PBXContainerItemProxy */;
		};
		9441B4F627C1CCD70068C5F1 /* PBXTargetDependency */ = {
			isa = PBXTargetDependency;
			target = 9441B4D327C1CCD50068C5F1 /* Flix */;
			targetProxy = 9441B4F527C1CCD70068C5F1 /* PBXContainerItemProxy */;
		};
/* End PBXTargetDependency section */

/* Begin PBXVariantGroup section */
		9441B4DD27C1CCD50068C5F1 /* Main.storyboard */ = {
			isa = PBXVariantGroup;
			children = (
				9441B4DE27C1CCD50068C5F1 /* Base */,
			);
			name = Main.storyboard;
			sourceTree = "<group>";
		};
		9441B4E227C1CCD60068C5F1 /* LaunchScreen.storyboard */ = {
			isa = PBXVariantGroup;
			children = (
				9441B4E327C1CCD60068C5F1 /* Base */,
			);
			name = LaunchScreen.storyboard;
			sourceTree = "<group>";
		};
/* End PBXVariantGroup section */

/* Begin XCBuildConfiguration section */
		9441B4FC27C1CCD70068C5F1 /* Debug */ = {
			isa = XCBuildConfiguration;
			buildSettings = {
				ALWAYS_SEARCH_USER_PATHS = NO;
				CLANG_ANALYZER_NONNULL = YES;
				CLANG_ANALYZER_NUMBER_OBJECT_CONVERSION = YES_AGGRESSIVE;
				CLANG_CXX_LANGUAGE_STANDARD = "gnu++17";
				CLANG_CXX_LIBRARY = "libc++";
				CLANG_ENABLE_MODULES = YES;
				CLANG_ENABLE_OBJC_ARC = YES;
				CLANG_ENABLE_OBJC_WEAK = YES;
				CLANG_WARN_BLOCK_CAPTURE_AUTORELEASING = YES;
				CLANG_WARN_BOOL_CONVERSION = YES;
				CLANG_WARN_COMMA = YES;
				CLANG_WARN_CONSTANT_CONVERSION = YES;
				CLANG_WARN_DEPRECATED_OBJC_IMPLEMENTATIONS = YES;
				CLANG_WARN_DIRECT_OBJC_ISA_USAGE = YES_ERROR;
				CLANG_WARN_DOCUMENTATION_COMMENTS = YES;
				CLANG_WARN_EMPTY_BODY = YES;
				CLANG_WARN_ENUM_CONVERSION = YES;
				CLANG_WARN_INFINITE_RECURSION = YES;
				CLANG_WARN_INT_CONVERSION = YES;
				CLANG_WARN_NON_LITERAL_NULL_CONVERSION = YES;
				CLANG_WARN_OBJC_IMPLICIT_RETAIN_SELF = YES;
				CLANG_WARN_OBJC_LITERAL_CONVERSION = YES;
				CLANG_WARN_OBJC_ROOT_CLASS = YES_ERROR;
				CLANG_WARN_QUOTED_INCLUDE_IN_FRAMEWORK_HEADER = YES;
				CLANG_WARN_RANGE_LOOP_ANALYSIS = YES;
				CLANG_WARN_STRICT_PROTOTYPES = YES;
				CLANG_WARN_SUSPICIOUS_MOVE = YES;
				CLANG_WARN_UNGUARDED_AVAILABILITY = YES_AGGRESSIVE;
				CLANG_WARN_UNREACHABLE_CODE = YES;
				CLANG_WARN__DUPLICATE_METHOD_MATCH = YES;
				COPY_PHASE_STRIP = NO;
				DEBUG_INFORMATION_FORMAT = dwarf;
				ENABLE_STRICT_OBJC_MSGSEND = YES;
				ENABLE_TESTABILITY = YES;
				GCC_C_LANGUAGE_STANDARD = gnu11;
				GCC_DYNAMIC_NO_PIC = NO;
				GCC_NO_COMMON_BLOCKS = YES;
				GCC_OPTIMIZATION_LEVEL = 0;
				GCC_PREPROCESSOR_DEFINITIONS = (
					"DEBUG=1",
					"$(inherited)",
				);
				GCC_WARN_64_TO_32_BIT_CONVERSION = YES;
				GCC_WARN_ABOUT_RETURN_TYPE = YES_ERROR;
				GCC_WARN_UNDECLARED_SELECTOR = YES;
				GCC_WARN_UNINITIALIZED_AUTOS = YES_AGGRESSIVE;
				GCC_WARN_UNUSED_FUNCTION = YES;
				GCC_WARN_UNUSED_VARIABLE = YES;
				IPHONEOS_DEPLOYMENT_TARGET = 15.2;
				MTL_ENABLE_DEBUG_INFO = INCLUDE_SOURCE;
				MTL_FAST_MATH = YES;
				ONLY_ACTIVE_ARCH = YES;
				SDKROOT = iphoneos;
				SWIFT_ACTIVE_COMPILATION_CONDITIONS = DEBUG;
				SWIFT_OPTIMIZATION_LEVEL = "-Onone";
			};
			name = Debug;
		};
		9441B4FD27C1CCD70068C5F1 /* Release */ = {
			isa = XCBuildConfiguration;
			buildSettings = {
				ALWAYS_SEARCH_USER_PATHS = NO;
				CLANG_ANALYZER_NONNULL = YES;
				CLANG_ANALYZER_NUMBER_OBJECT_CONVERSION = YES_AGGRESSIVE;
				CLANG_CXX_LANGUAGE_STANDARD = "gnu++17";
				CLANG_CXX_LIBRARY = "libc++";
				CLANG_ENABLE_MODULES = YES;
				CLANG_ENABLE_OBJC_ARC = YES;
				CLANG_ENABLE_OBJC_WEAK = YES;
				CLANG_WARN_BLOCK_CAPTURE_AUTORELEASING = YES;
				CLANG_WARN_BOOL_CONVERSION = YES;
				CLANG_WARN_COMMA = YES;
				CLANG_WARN_CONSTANT_CONVERSION = YES;
				CLANG_WARN_DEPRECATED_OBJC_IMPLEMENTATIONS = YES;
				CLANG_WARN_DIRECT_OBJC_ISA_USAGE = YES_ERROR;
				CLANG_WARN_DOCUMENTATION_COMMENTS = YES;
				CLANG_WARN_EMPTY_BODY = YES;
				CLANG_WARN_ENUM_CONVERSION = YES;
				CLANG_WARN_INFINITE_RECURSION = YES;
				CLANG_WARN_INT_CONVERSION = YES;
				CLANG_WARN_NON_LITERAL_NULL_CONVERSION = YES;
				CLANG_WARN_OBJC_IMPLICIT_RETAIN_SELF = YES;
				CLANG_WARN_OBJC_LITERAL_CONVERSION = YES;
				CLANG_WARN_OBJC_ROOT_CLASS = YES_ERROR;
				CLANG_WARN_QUOTED_INCLUDE_IN_FRAMEWORK_HEADER = YES;
				CLANG_WARN_RANGE_LOOP_ANALYSIS = YES;
				CLANG_WARN_STRICT_PROTOTYPES = YES;
				CLANG_WARN_SUSPICIOUS_MOVE = YES;
				CLANG_WARN_UNGUARDED_AVAILABILITY = YES_AGGRESSIVE;
				CLANG_WARN_UNREACHABLE_CODE = YES;
				CLANG_WARN__DUPLICATE_METHOD_MATCH = YES;
				COPY_PHASE_STRIP = NO;
				DEBUG_INFORMATION_FORMAT = "dwarf-with-dsym";
				ENABLE_NS_ASSERTIONS = NO;
				ENABLE_STRICT_OBJC_MSGSEND = YES;
				GCC_C_LANGUAGE_STANDARD = gnu11;
				GCC_NO_COMMON_BLOCKS = YES;
				GCC_WARN_64_TO_32_BIT_CONVERSION = YES;
				GCC_WARN_ABOUT_RETURN_TYPE = YES_ERROR;
				GCC_WARN_UNDECLARED_SELECTOR = YES;
				GCC_WARN_UNINITIALIZED_AUTOS = YES_AGGRESSIVE;
				GCC_WARN_UNUSED_FUNCTION = YES;
				GCC_WARN_UNUSED_VARIABLE = YES;
				IPHONEOS_DEPLOYMENT_TARGET = 15.2;
				MTL_ENABLE_DEBUG_INFO = NO;
				MTL_FAST_MATH = YES;
				SDKROOT = iphoneos;
				SWIFT_COMPILATION_MODE = wholemodule;
				SWIFT_OPTIMIZATION_LEVEL = "-O";
				VALIDATE_PRODUCT = YES;
			};
			name = Release;
		};
		9441B4FF27C1CCD70068C5F1 /* Debug */ = {
			isa = XCBuildConfiguration;
			baseConfigurationReference = 3A3F1B515C25FE788C29F258 /* Pods-Flix.debug.xcconfig */;
			buildSettings = {
				ASSETCATALOG_COMPILER_APPICON_NAME = AppIcon;
				ASSETCATALOG_COMPILER_GLOBAL_ACCENT_COLOR_NAME = AccentColor;
				CODE_SIGN_STYLE = Automatic;
				CURRENT_PROJECT_VERSION = 1;
				DEVELOPMENT_TEAM = LZSDDBKB3W;
				GENERATE_INFOPLIST_FILE = YES;
				INFOPLIST_FILE = Flix/Info.plist;
				INFOPLIST_KEY_UIApplicationSupportsIndirectInputEvents = YES;
				INFOPLIST_KEY_UILaunchStoryboardName = LaunchScreen;
				INFOPLIST_KEY_UIMainStoryboardFile = Main;
				INFOPLIST_KEY_UISupportedInterfaceOrientations_iPad = "UIInterfaceOrientationPortrait UIInterfaceOrientationPortraitUpsideDown UIInterfaceOrientationLandscapeLeft UIInterfaceOrientationLandscapeRight";
				INFOPLIST_KEY_UISupportedInterfaceOrientations_iPhone = "UIInterfaceOrientationPortrait UIInterfaceOrientationLandscapeLeft UIInterfaceOrientationLandscapeRight";
				LD_RUNPATH_SEARCH_PATHS = (
					"$(inherited)",
					"@executable_path/Frameworks",
				);
				MARKETING_VERSION = 1.0;
				PRODUCT_BUNDLE_IDENTIFIER = com.ryanhandoyo17.Flix;
				PRODUCT_NAME = "$(TARGET_NAME)";
				SWIFT_EMIT_LOC_STRINGS = YES;
				SWIFT_VERSION = 5.0;
				TARGETED_DEVICE_FAMILY = "1,2";
			};
			name = Debug;
		};
		9441B50027C1CCD70068C5F1 /* Release */ = {
			isa = XCBuildConfiguration;
			baseConfigurationReference = 0295415432EEBF185CF73125 /* Pods-Flix.release.xcconfig */;
			buildSettings = {
				ASSETCATALOG_COMPILER_APPICON_NAME = AppIcon;
				ASSETCATALOG_COMPILER_GLOBAL_ACCENT_COLOR_NAME = AccentColor;
				CODE_SIGN_STYLE = Automatic;
				CURRENT_PROJECT_VERSION = 1;
				DEVELOPMENT_TEAM = LZSDDBKB3W;
				GENERATE_INFOPLIST_FILE = YES;
				INFOPLIST_FILE = Flix/Info.plist;
				INFOPLIST_KEY_UIApplicationSupportsIndirectInputEvents = YES;
				INFOPLIST_KEY_UILaunchStoryboardName = LaunchScreen;
				INFOPLIST_KEY_UIMainStoryboardFile = Main;
				INFOPLIST_KEY_UISupportedInterfaceOrientations_iPad = "UIInterfaceOrientationPortrait UIInterfaceOrientationPortraitUpsideDown UIInterfaceOrientationLandscapeLeft UIInterfaceOrientationLandscapeRight";
				INFOPLIST_KEY_UISupportedInterfaceOrientations_iPhone = "UIInterfaceOrientationPortrait UIInterfaceOrientationLandscapeLeft UIInterfaceOrientationLandscapeRight";
				LD_RUNPATH_SEARCH_PATHS = (
					"$(inherited)",
					"@executable_path/Frameworks",
				);
				MARKETING_VERSION = 1.0;
				PRODUCT_BUNDLE_IDENTIFIER = com.ryanhandoyo17.Flix;
				PRODUCT_NAME = "$(TARGET_NAME)";
				SWIFT_EMIT_LOC_STRINGS = YES;
				SWIFT_VERSION = 5.0;
				TARGETED_DEVICE_FAMILY = "1,2";
			};
			name = Release;
		};
		9441B50227C1CCD70068C5F1 /* Debug */ = {
			isa = XCBuildConfiguration;
			baseConfigurationReference = B23C65612026CA89A2E9FFCB /* Pods-FlixTests.debug.xcconfig */;
			buildSettings = {
				ALWAYS_EMBED_SWIFT_STANDARD_LIBRARIES = YES;
				BUNDLE_LOADER = "$(TEST_HOST)";
				CODE_SIGN_STYLE = Automatic;
				CURRENT_PROJECT_VERSION = 1;
				DEVELOPMENT_TEAM = LZSDDBKB3W;
				GENERATE_INFOPLIST_FILE = YES;
				IPHONEOS_DEPLOYMENT_TARGET = 15.2;
				MARKETING_VERSION = 1.0;
				PRODUCT_BUNDLE_IDENTIFIER = com.ryanhandoyo17.FlixTests;
				PRODUCT_NAME = "$(TARGET_NAME)";
				SWIFT_EMIT_LOC_STRINGS = NO;
				SWIFT_VERSION = 5.0;
				TARGETED_DEVICE_FAMILY = "1,2";
				TEST_HOST = "$(BUILT_PRODUCTS_DIR)/Flix.app/Flix";
			};
			name = Debug;
		};
		9441B50327C1CCD70068C5F1 /* Release */ = {
			isa = XCBuildConfiguration;
			baseConfigurationReference = 74122709B5A3D8BB2F896D75 /* Pods-FlixTests.release.xcconfig */;
			buildSettings = {
				ALWAYS_EMBED_SWIFT_STANDARD_LIBRARIES = YES;
				BUNDLE_LOADER = "$(TEST_HOST)";
				CODE_SIGN_STYLE = Automatic;
				CURRENT_PROJECT_VERSION = 1;
				DEVELOPMENT_TEAM = LZSDDBKB3W;
				GENERATE_INFOPLIST_FILE = YES;
				IPHONEOS_DEPLOYMENT_TARGET = 15.2;
				MARKETING_VERSION = 1.0;
				PRODUCT_BUNDLE_IDENTIFIER = com.ryanhandoyo17.FlixTests;
				PRODUCT_NAME = "$(TARGET_NAME)";
				SWIFT_EMIT_LOC_STRINGS = NO;
				SWIFT_VERSION = 5.0;
				TARGETED_DEVICE_FAMILY = "1,2";
				TEST_HOST = "$(BUILT_PRODUCTS_DIR)/Flix.app/Flix";
			};
			name = Release;
		};
		9441B50527C1CCD70068C5F1 /* Debug */ = {
			isa = XCBuildConfiguration;
			baseConfigurationReference = ADB53E897707607D0DC6B1FE /* Pods-Flix-FlixUITests.debug.xcconfig */;
			buildSettings = {
				ALWAYS_EMBED_SWIFT_STANDARD_LIBRARIES = YES;
				CODE_SIGN_STYLE = Automatic;
				CURRENT_PROJECT_VERSION = 1;
				DEVELOPMENT_TEAM = LZSDDBKB3W;
				GENERATE_INFOPLIST_FILE = YES;
				MARKETING_VERSION = 1.0;
				PRODUCT_BUNDLE_IDENTIFIER = com.ryanhandoyo17.FlixUITests;
				PRODUCT_NAME = "$(TARGET_NAME)";
				SWIFT_EMIT_LOC_STRINGS = NO;
				SWIFT_VERSION = 5.0;
				TARGETED_DEVICE_FAMILY = "1,2";
				TEST_TARGET_NAME = Flix;
			};
			name = Debug;
		};
		9441B50627C1CCD70068C5F1 /* Release */ = {
			isa = XCBuildConfiguration;
			baseConfigurationReference = 9B1CA26188D7C65BEA263020 /* Pods-Flix-FlixUITests.release.xcconfig */;
			buildSettings = {
				ALWAYS_EMBED_SWIFT_STANDARD_LIBRARIES = YES;
				CODE_SIGN_STYLE = Automatic;
				CURRENT_PROJECT_VERSION = 1;
				DEVELOPMENT_TEAM = LZSDDBKB3W;
				GENERATE_INFOPLIST_FILE = YES;
				MARKETING_VERSION = 1.0;
				PRODUCT_BUNDLE_IDENTIFIER = com.ryanhandoyo17.FlixUITests;
				PRODUCT_NAME = "$(TARGET_NAME)";
				SWIFT_EMIT_LOC_STRINGS = NO;
				SWIFT_VERSION = 5.0;
				TARGETED_DEVICE_FAMILY = "1,2";
				TEST_TARGET_NAME = Flix;
			};
			name = Release;
		};
/* End XCBuildConfiguration section */

/* Begin XCConfigurationList section */
		9441B4CF27C1CCD50068C5F1 /* Build configuration list for PBXProject "Flix" */ = {
			isa = XCConfigurationList;
			buildConfigurations = (
				9441B4FC27C1CCD70068C5F1 /* Debug */,
				9441B4FD27C1CCD70068C5F1 /* Release */,
			);
			defaultConfigurationIsVisible = 0;
			defaultConfigurationName = Release;
		};
		9441B4FE27C1CCD70068C5F1 /* Build configuration list for PBXNativeTarget "Flix" */ = {
			isa = XCConfigurationList;
			buildConfigurations = (
				9441B4FF27C1CCD70068C5F1 /* Debug */,
				9441B50027C1CCD70068C5F1 /* Release */,
			);
			defaultConfigurationIsVisible = 0;
			defaultConfigurationName = Release;
		};
		9441B50127C1CCD70068C5F1 /* Build configuration list for PBXNativeTarget "FlixTests" */ = {
			isa = XCConfigurationList;
			buildConfigurations = (
				9441B50227C1CCD70068C5F1 /* Debug */,
				9441B50327C1CCD70068C5F1 /* Release */,
			);
			defaultConfigurationIsVisible = 0;
			defaultConfigurationName = Release;
		};
		9441B50427C1CCD70068C5F1 /* Build configuration list for PBXNativeTarget "FlixUITests" */ = {
			isa = XCConfigurationList;
			buildConfigurations = (
				9441B50527C1CCD70068C5F1 /* Debug */,
				9441B50627C1CCD70068C5F1 /* Release */,
			);
			defaultConfigurationIsVisible = 0;
			defaultConfigurationName = Release;
		};
/* End XCConfigurationList section */

/* Begin XCRemoteSwiftPackageReference section */
		94AFE5F927C2F5CE0086F326 /* XCRemoteSwiftPackageReference "AlamofireImage" */ = {
			isa = XCRemoteSwiftPackageReference;
			repositoryURL = "https://github.com/Alamofire/AlamofireImage";
			requirement = {
				kind = upToNextMajorVersion;
				minimumVersion = 4.0.0;
			};
		};
/* End XCRemoteSwiftPackageReference section */

/* Begin XCSwiftPackageProductDependency section */
		94AFE5FA27C2F5CE0086F326 /* AlamofireImage */ = {
			isa = XCSwiftPackageProductDependency;
			package = 94AFE5F927C2F5CE0086F326 /* XCRemoteSwiftPackageReference "AlamofireImage" */;
			productName = AlamofireImage;
		};
/* End XCSwiftPackageProductDependency section */
	};
	rootObject = 9441B4CC27C1CCD50068C5F1 /* Project object */;
}
